FORGE
  remote: http://forge.puppetlabs.com
  specs:
    example42/puppi (2.1.0)
    puppetlabs/stdlib (4.1.0)

GIT
  remote: git://github.com/example42/puppet-apache.git
  ref: master
  sha: 0ce46f05ee54a5866eae6a4b2c32982bdc5f448d
  specs:
    apache (2.1.1)
      example42/puppi (>= 2.0.0)

GIT
  remote: git://github.com/example42/puppet-php.git
  ref: master
  sha: e8aad66d09bb8c012f5b0e2836abdd692e502874
  specs:
    php (2.0.11)
      example42/puppi (>= 2.0.0)

GIT
  remote: git://github.com/puppetlabs/puppetlabs-mysql.git
  ref: master
  sha: 4e649d7a835b3625c032a90d7dd58c316e7a5f11
  specs:
    mysql (0.9.0)
      puppetlabs/stdlib (>= 2.2.1)

GIT
  remote: git://github.com/willdurand/puppet-composer.git
  ref: master
  sha: fd602dbed24bde0f013540b2e1ad9c09e7530c75
  specs:
    composer (0.0.4)

DEPENDENCIES
  apache (>= 0)
  composer (>= 0)
  mysql (>= 0)
  php (>= 0)

